
Microsoft Visual Studio Solution File, Format Version 12.00
# Visual Studio Version 17
VisualStudioVersion = 17.7.34031.279
MinimumVisualStudioVersion = 10.0.40219.1
Project("{FAE04EC0-301F-11D3-BF4B-00C04F79EFBC}") = "DeliverrpuWebApp", "DeliverrpuWebApp\DeliverrpuWebApp.csproj", "{F6588E50-D867-4EFF-A1E2-8FE7A8FB8306}"
EndProject
Project("{FAE04EC0-301F-11D3-BF4B-00C04F79EFBC}") = "DataAccess", "DataAccess\DataAccess.csproj", "{647AECCF-E3D4-4752-A8C2-7D8DF5A13E7F}"
EndProject
Project("{FAE04EC0-301F-11D3-BF4B-00C04F79EFBC}") = "BusinessLogic", "BusinessLogic\BusinessLogic.csproj", "{4527B135-22F0-4447-B5E6-1F01934386BC}"
EndProject
Project("{FAE04EC0-301F-11D3-BF4B-00C04F79EFBC}") = "DevUnitTests", "DevUnitTests\DevUnitTests.csproj", "{2E782181-59F0-46CD-BAD1-5B7F12AD7A8F}"
EndProject
Global
	GlobalSection(SolutionConfigurationPlatforms) = preSolution
		Debug|Any CPU = Debug|Any CPU
		Release|Any CPU = Release|Any CPU
	EndGlobalSection
	GlobalSection(ProjectConfigurationPlatforms) = postSolution
		{F6588E50-D867-4EFF-A1E2-8FE7A8FB8306}.Debug|Any CPU.ActiveCfg = Debug|Any CPU
		{F6588E50-D867-4EFF-A1E2-8FE7A8FB8306}.Debug|Any CPU.Build.0 = Debug|Any CPU
		{F6588E50-D867-4EFF-A1E2-8FE7A8FB8306}.Release|Any CPU.ActiveCfg = Release|Any CPU
		{F6588E50-D867-4EFF-A1E2-8FE7A8FB8306}.Release|Any CPU.Build.0 = Release|Any CPU
		{647AECCF-E3D4-4752-A8C2-7D8DF5A13E7F}.Debug|Any CPU.ActiveCfg = Debug|Any CPU
		{647AECCF-E3D4-4752-A8C2-7D8DF5A13E7F}.Debug|Any CPU.Build.0 = Debug|Any CPU
		{647AECCF-E3D4-4752-A8C2-7D8DF5A13E7F}.Release|Any CPU.ActiveCfg = Release|Any CPU
		{647AECCF-E3D4-4752-A8C2-7D8DF5A13E7F}.Release|Any CPU.Build.0 = Release|Any CPU
		{4527B135-22F0-4447-B5E6-1F01934386BC}.Debug|Any CPU.ActiveCfg = Debug|Any CPU
		{4527B135-22F0-4447-B5E6-1F01934386BC}.Debug|Any CPU.Build.0 = Debug|Any CPU
		{4527B135-22F0-4447-B5E6-1F01934386BC}.Release|Any CPU.ActiveCfg = Release|Any CPU
		{4527B135-22F0-4447-B5E6-1F01934386BC}.Release|Any CPU.Build.0 = Release|Any CPU
		{2E782181-59F0-46CD-BAD1-5B7F12AD7A8F}.Debug|Any CPU.ActiveCfg = Debug|Any CPU
		{2E782181-59F0-46CD-BAD1-5B7F12AD7A8F}.Debug|Any CPU.Build.0 = Debug|Any CPU
		{2E782181-59F0-46CD-BAD1-5B7F12AD7A8F}.Release|Any CPU.ActiveCfg = Release|Any CPU
		{2E782181-59F0-46CD-BAD1-5B7F12AD7A8F}.Release|Any CPU.Build.0 = Release|Any CPU
	EndGlobalSection
	GlobalSection(SolutionProperties) = preSolution
		HideSolutionNode = FALSE
	EndGlobalSection
	GlobalSection(ExtensibilityGlobals) = postSolution
		SolutionGuid = {1D8469F5-FC7F-4BEF-BC02-4AC41DD2E231}
	EndGlobalSection
EndGlobal
